
Microsoft Visual Studio Solution File, Format Version 12.00
# Visual Studio Version 17
VisualStudioVersion = 17.9.34607.119
MinimumVisualStudioVersion = 10.0.40219.1
Project("{FAE04EC0-301F-11D3-BF4B-00C04F79EFBC}") = "Coursework", "Coursework.csproj", "{19B9E2FF-6F2F-472D-9242-35412E420B33}"
EndProject
Global
	GlobalSection(SolutionConfigurationPlatforms) = preSolution
		Debug|Any CPU = Debug|Any CPU
		Release|Any CPU = Release|Any CPU
	EndGlobalSection
	GlobalSection(ProjectConfigurationPlatforms) = postSolution
		{19B9E2FF-6F2F-472D-9242-35412E420B33}.Debug|Any CPU.ActiveCfg = Debug|Any CPU
		{19B9E2FF-6F2F-472D-9242-35412E420B33}.Debug|Any CPU.Build.0 = Debug|Any CPU
		{19B9E2FF-6F2F-472D-9242-35412E420B33}.Release|Any CPU.ActiveCfg = Release|Any CPU
		{19B9E2FF-6F2F-472D-9242-35412E420B33}.Release|Any CPU.Build.0 = Release|Any CPU
	EndGlobalSection
	GlobalSection(SolutionProperties) = preSolution
		HideSolutionNode = FALSE
	EndGlobalSection
	GlobalSection(ExtensibilityGlobals) = postSolution
		SolutionGuid = {E067DA15-F894-49D1-A393-4B6758CE6095}
	EndGlobalSection
EndGlobal
